
Microsoft Visual Studio Solution File, Format Version 12.00
# Visual Studio Version 17
VisualStudioVersion = 17.0.31903.59
MinimumVisualStudioVersion = 10.0.40219.1
Project("{2150E333-8FDC-42A3-9474-1A3956D46DE8}") = "src", "src", "{6F081FBA-BC40-4445-BDA0-C8871EF2983D}"
EndProject
Project("{FAE04EC0-301F-11D3-BF4B-00C04F79EFBC}") = "server", "src\server\server.csproj", "{6DD4F5FC-79E5-4AEB-A585-FC3658EA940D}"
EndProject
Global
	GlobalSection(SolutionConfigurationPlatforms) = preSolution
		Debug|Any CPU = Debug|Any CPU
		Release|Any CPU = Release|Any CPU
	EndGlobalSection
	GlobalSection(SolutionProperties) = preSolution
		HideSolutionNode = FALSE
	EndGlobalSection
	GlobalSection(ProjectConfigurationPlatforms) = postSolution
		{6DD4F5FC-79E5-4AEB-A585-FC3658EA940D}.Debug|Any CPU.ActiveCfg = Debug|Any CPU
		{6DD4F5FC-79E5-4AEB-A585-FC3658EA940D}.Debug|Any CPU.Build.0 = Debug|Any CPU
		{6DD4F5FC-79E5-4AEB-A585-FC3658EA940D}.Release|Any CPU.ActiveCfg = Release|Any CPU
		{6DD4F5FC-79E5-4AEB-A585-FC3658EA940D}.Release|Any CPU.Build.0 = Release|Any CPU
	EndGlobalSection
	GlobalSection(NestedProjects) = preSolution
		{6DD4F5FC-79E5-4AEB-A585-FC3658EA940D} = {6F081FBA-BC40-4445-BDA0-C8871EF2983D}
	EndGlobalSection
EndGlobal
